{
  "pins" : [
    {
      "identity" : "dycolor",
      "kind" : "remoteSourceControl",
      "location" : "https://github.com/bangtori/DYColor.git",
      "state" : {
        "branch" : "main",
        "revision" : "4da3c3d3673ad4868b9ac703979a5aadec2469a0"
      }
    },
    {
      "identity" : "realm-core",
      "kind" : "remoteSourceControl",
      "location" : "https://github.com/realm/realm-core.git",
      "state" : {
        "revision" : "a5e87a39cffdcc591f3203c11cfca68100d0b9a6",
        "version" : "13.26.0"
      }
    },
    {
      "identity" : "realm-swift",
      "kind" : "remoteSourceControl",
      "location" : "https://github.com/realm/realm-swift",
      "state" : {
        "branch" : "master",
        "revision" : "33a1eee6ebe4f6a3475c78e8900b7c41c1d74296"
      }
    }
  ],
  "version" : 2
}
